
Microsoft Visual Studio Solution File, Format Version 12.00
# Visual Studio Version 16
VisualStudioVersion = 16.0.29209.62
MinimumVisualStudioVersion = 10.0.40219.1
Project("{FAE04EC0-301F-11D3-BF4B-00C04F79EFBC}") = "TimerXamarin.Android", "TimerXamarin.Android\TimerXamarin.Android.csproj", "{B2C2BBA4-0A7D-415B-9B3B-DAD1F54B983B}"
EndProject
Project("{FAE04EC0-301F-11D3-BF4B-00C04F79EFBC}") = "TimerXamarin.iOS", "TimerXamarin.iOS\TimerXamarin.iOS.csproj", "{F710A85B-2ACD-45F0-BE17-71409EC10643}"
EndProject
Project("{FAE04EC0-301F-11D3-BF4B-00C04F79EFBC}") = "TimerXamarin", "TimerXamarin\TimerXamarin.csproj", "{038E1BC9-43A9-4A0F-85B5-753214D9F8EB}"
EndProject
Global
	GlobalSection(SolutionConfigurationPlatforms) = preSolution
		Debug|Any CPU = Debug|Any CPU
		Debug|iPhone = Debug|iPhone
		Debug|iPhoneSimulator = Debug|iPhoneSimulator
		Release|Any CPU = Release|Any CPU
		Release|iPhone = Release|iPhone
		Release|iPhoneSimulator = Release|iPhoneSimulator
	EndGlobalSection
	GlobalSection(ProjectConfigurationPlatforms) = postSolution
		{B2C2BBA4-0A7D-415B-9B3B-DAD1F54B983B}.Debug|Any CPU.ActiveCfg = Debug|Any CPU
		{B2C2BBA4-0A7D-415B-9B3B-DAD1F54B983B}.Debug|Any CPU.Build.0 = Debug|Any CPU
		{B2C2BBA4-0A7D-415B-9B3B-DAD1F54B983B}.Debug|Any CPU.Deploy.0 = Debug|Any CPU
		{B2C2BBA4-0A7D-415B-9B3B-DAD1F54B983B}.Debug|iPhone.ActiveCfg = Debug|Any CPU
		{B2C2BBA4-0A7D-415B-9B3B-DAD1F54B983B}.Debug|iPhone.Build.0 = Debug|Any CPU
		{B2C2BBA4-0A7D-415B-9B3B-DAD1F54B983B}.Debug|iPhone.Deploy.0 = Debug|Any CPU
		{B2C2BBA4-0A7D-415B-9B3B-DAD1F54B983B}.Debug|iPhoneSimulator.ActiveCfg = Debug|Any CPU
		{B2C2BBA4-0A7D-415B-9B3B-DAD1F54B983B}.Debug|iPhoneSimulator.Build.0 = Debug|Any CPU
		{B2C2BBA4-0A7D-415B-9B3B-DAD1F54B983B}.Debug|iPhoneSimulator.Deploy.0 = Debug|Any CPU
		{B2C2BBA4-0A7D-415B-9B3B-DAD1F54B983B}.Release|Any CPU.ActiveCfg = Release|Any CPU
		{B2C2BBA4-0A7D-415B-9B3B-DAD1F54B983B}.Release|Any CPU.Build.0 = Release|Any CPU
		{B2C2BBA4-0A7D-415B-9B3B-DAD1F54B983B}.Release|Any CPU.Deploy.0 = Release|Any CPU
		{B2C2BBA4-0A7D-415B-9B3B-DAD1F54B983B}.Release|iPhone.ActiveCfg = Release|Any CPU
		{B2C2BBA4-0A7D-415B-9B3B-DAD1F54B983B}.Release|iPhone.Build.0 = Release|Any CPU
		{B2C2BBA4-0A7D-415B-9B3B-DAD1F54B983B}.Release|iPhone.Deploy.0 = Release|Any CPU
		{B2C2BBA4-0A7D-415B-9B3B-DAD1F54B983B}.Release|iPhoneSimulator.ActiveCfg = Release|Any CPU
		{B2C2BBA4-0A7D-415B-9B3B-DAD1F54B983B}.Release|iPhoneSimulator.Build.0 = Release|Any CPU
		{B2C2BBA4-0A7D-415B-9B3B-DAD1F54B983B}.Release|iPhoneSimulator.Deploy.0 = Release|Any CPU
		{F710A85B-2ACD-45F0-BE17-71409EC10643}.Debug|Any CPU.ActiveCfg = Debug|iPhoneSimulator
		{F710A85B-2ACD-45F0-BE17-71409EC10643}.Debug|Any CPU.Build.0 = Debug|iPhoneSimulator
		{F710A85B-2ACD-45F0-BE17-71409EC10643}.Debug|Any CPU.Deploy.0 = Debug|iPhoneSimulator
		{F710A85B-2ACD-45F0-BE17-71409EC10643}.Debug|iPhone.ActiveCfg = Debug|iPhone
		{F710A85B-2ACD-45F0-BE17-71409EC10643}.Debug|iPhone.Build.0 = Debug|iPhone
		{F710A85B-2ACD-45F0-BE17-71409EC10643}.Debug|iPhone.Deploy.0 = Debug|iPhone
		{F710A85B-2ACD-45F0-BE17-71409EC10643}.Debug|iPhoneSimulator.ActiveCfg = Debug|iPhoneSimulator
		{F710A85B-2ACD-45F0-BE17-71409EC10643}.Debug|iPhoneSimulator.Build.0 = Debug|iPhoneSimulator
		{F710A85B-2ACD-45F0-BE17-71409EC10643}.Debug|iPhoneSimulator.Deploy.0 = Debug|iPhoneSimulator
		{F710A85B-2ACD-45F0-BE17-71409EC10643}.Release|Any CPU.ActiveCfg = Release|iPhone
		{F710A85B-2ACD-45F0-BE17-71409EC10643}.Release|Any CPU.Build.0 = Release|iPhone
		{F710A85B-2ACD-45F0-BE17-71409EC10643}.Release|Any CPU.Deploy.0 = Release|iPhone
		{F710A85B-2ACD-45F0-BE17-71409EC10643}.Release|iPhone.ActiveCfg = Release|iPhone
		{F710A85B-2ACD-45F0-BE17-71409EC10643}.Release|iPhone.Build.0 = Release|iPhone
		{F710A85B-2ACD-45F0-BE17-71409EC10643}.Release|iPhone.Deploy.0 = Release|iPhone
		{F710A85B-2ACD-45F0-BE17-71409EC10643}.Release|iPhoneSimulator.ActiveCfg = Release|iPhoneSimulator
		{F710A85B-2ACD-45F0-BE17-71409EC10643}.Release|iPhoneSimulator.Build.0 = Release|iPhoneSimulator
		{F710A85B-2ACD-45F0-BE17-71409EC10643}.Release|iPhoneSimulator.Deploy.0 = Release|iPhoneSimulator
		{038E1BC9-43A9-4A0F-85B5-753214D9F8EB}.Debug|Any CPU.ActiveCfg = Debug|Any CPU
		{038E1BC9-43A9-4A0F-85B5-753214D9F8EB}.Debug|Any CPU.Build.0 = Debug|Any CPU
		{038E1BC9-43A9-4A0F-85B5-753214D9F8EB}.Debug|Any CPU.Deploy.0 = Debug|Any CPU
		{038E1BC9-43A9-4A0F-85B5-753214D9F8EB}.Debug|iPhone.ActiveCfg = Debug|Any CPU
		{038E1BC9-43A9-4A0F-85B5-753214D9F8EB}.Debug|iPhone.Build.0 = Debug|Any CPU
		{038E1BC9-43A9-4A0F-85B5-753214D9F8EB}.Debug|iPhone.Deploy.0 = Debug|Any CPU
		{038E1BC9-43A9-4A0F-85B5-753214D9F8EB}.Debug|iPhoneSimulator.ActiveCfg = Debug|Any CPU
		{038E1BC9-43A9-4A0F-85B5-753214D9F8EB}.Debug|iPhoneSimulator.Build.0 = Debug|Any CPU
		{038E1BC9-43A9-4A0F-85B5-753214D9F8EB}.Debug|iPhoneSimulator.Deploy.0 = Debug|Any CPU
		{038E1BC9-43A9-4A0F-85B5-753214D9F8EB}.Release|Any CPU.ActiveCfg = Release|Any CPU
		{038E1BC9-43A9-4A0F-85B5-753214D9F8EB}.Release|Any CPU.Build.0 = Release|Any CPU
		{038E1BC9-43A9-4A0F-85B5-753214D9F8EB}.Release|Any CPU.Deploy.0 = Release|Any CPU
		{038E1BC9-43A9-4A0F-85B5-753214D9F8EB}.Release|iPhone.ActiveCfg = Release|Any CPU
		{038E1BC9-43A9-4A0F-85B5-753214D9F8EB}.Release|iPhone.Build.0 = Release|Any CPU
		{038E1BC9-43A9-4A0F-85B5-753214D9F8EB}.Release|iPhone.Deploy.0 = Release|Any CPU
		{038E1BC9-43A9-4A0F-85B5-753214D9F8EB}.Release|iPhoneSimulator.ActiveCfg = Release|Any CPU
		{038E1BC9-43A9-4A0F-85B5-753214D9F8EB}.Release|iPhoneSimulator.Build.0 = Release|Any CPU
		{038E1BC9-43A9-4A0F-85B5-753214D9F8EB}.Release|iPhoneSimulator.Deploy.0 = Release|Any CPU
	EndGlobalSection
	GlobalSection(SolutionProperties) = preSolution
		HideSolutionNode = FALSE
	EndGlobalSection
	GlobalSection(ExtensibilityGlobals) = postSolution
		SolutionGuid = {5234D457-A52F-4544-BD35-9CD15AE77B85}
	EndGlobalSection
EndGlobal
